
Microsoft Visual Studio Solution File, Format Version 12.00
# Visual Studio Version 17
VisualStudioVersion = 17.0.31903.59
MinimumVisualStudioVersion = 10.0.40219.1
Project("{2150E333-8FDC-42A3-9474-1A3956D46DE8}") = "src", "src", "{827E0CD3-B72D-47B6-A68D-7590B98EB39B}"
EndProject
Project("{FAE04EC0-301F-11D3-BF4B-00C04F79EFBC}") = "ELibrary.API", "src\ELibrary.API\ELibrary.API.csproj", "{9A46FC5F-504E-4FA1-8783-396595364B4F}"
EndProject
Project("{FAE04EC0-301F-11D3-BF4B-00C04F79EFBC}") = "ELibrary.Services", "src\ELibrary.Services\ELibrary.Services.csproj", "{C8E90AB4-D665-40D8-8287-FACAD0F90E0C}"
EndProject
Project("{FAE04EC0-301F-11D3-BF4B-00C04F79EFBC}") = "ELibrary.Domain", "src\ELibrary.Domain\ELibrary.Domain.csproj", "{772AB00B-ED69-4545-B7D6-542B60DD568A}"
EndProject
Project("{FAE04EC0-301F-11D3-BF4B-00C04F79EFBC}") = "ELibrary.Core", "src\ELibrary.Core\ELibrary.Core.csproj", "{FA810DEE-B70A-4820-8AD3-5EC98AE26DC0}"
EndProject
Project("{FAE04EC0-301F-11D3-BF4B-00C04F79EFBC}") = "ELibrary.Infrastructure", "src\ELibrary.Infrastructure\ELibrary.Infrastructure.csproj", "{52AFE929-2078-4465-9D41-8DB8AB5BDC16}"
EndProject
Project("{2150E333-8FDC-42A3-9474-1A3956D46DE8}") = "tests", "tests", "{0AB3BF05-4346-4AA6-1389-037BE0695223}"
EndProject
Project("{FAE04EC0-301F-11D3-BF4B-00C04F79EFBC}") = "ELibrary.Tests", "tests\ELibrary.Tests\ELibrary.Tests.csproj", "{FAB27B08-96D1-4A2E-9356-A97F3CC775AD}"
EndProject
Global
	GlobalSection(SolutionConfigurationPlatforms) = preSolution
		Debug|Any CPU = Debug|Any CPU
		Debug|x64 = Debug|x64
		Debug|x86 = Debug|x86
		Release|Any CPU = Release|Any CPU
		Release|x64 = Release|x64
		Release|x86 = Release|x86
	EndGlobalSection
	GlobalSection(ProjectConfigurationPlatforms) = postSolution
		{9A46FC5F-504E-4FA1-8783-396595364B4F}.Debug|Any CPU.ActiveCfg = Debug|Any CPU
		{9A46FC5F-504E-4FA1-8783-396595364B4F}.Debug|Any CPU.Build.0 = Debug|Any CPU
		{9A46FC5F-504E-4FA1-8783-396595364B4F}.Debug|x64.ActiveCfg = Debug|Any CPU
		{9A46FC5F-504E-4FA1-8783-396595364B4F}.Debug|x64.Build.0 = Debug|Any CPU
		{9A46FC5F-504E-4FA1-8783-396595364B4F}.Debug|x86.ActiveCfg = Debug|Any CPU
		{9A46FC5F-504E-4FA1-8783-396595364B4F}.Debug|x86.Build.0 = Debug|Any CPU
		{9A46FC5F-504E-4FA1-8783-396595364B4F}.Release|Any CPU.ActiveCfg = Release|Any CPU
		{9A46FC5F-504E-4FA1-8783-396595364B4F}.Release|Any CPU.Build.0 = Release|Any CPU
		{9A46FC5F-504E-4FA1-8783-396595364B4F}.Release|x64.ActiveCfg = Release|Any CPU
		{9A46FC5F-504E-4FA1-8783-396595364B4F}.Release|x64.Build.0 = Release|Any CPU
		{9A46FC5F-504E-4FA1-8783-396595364B4F}.Release|x86.ActiveCfg = Release|Any CPU
		{9A46FC5F-504E-4FA1-8783-396595364B4F}.Release|x86.Build.0 = Release|Any CPU
		{C8E90AB4-D665-40D8-8287-FACAD0F90E0C}.Debug|Any CPU.ActiveCfg = Debug|Any CPU
		{C8E90AB4-D665-40D8-8287-FACAD0F90E0C}.Debug|Any CPU.Build.0 = Debug|Any CPU
		{C8E90AB4-D665-40D8-8287-FACAD0F90E0C}.Debug|x64.ActiveCfg = Debug|Any CPU
		{C8E90AB4-D665-40D8-8287-FACAD0F90E0C}.Debug|x64.Build.0 = Debug|Any CPU
		{C8E90AB4-D665-40D8-8287-FACAD0F90E0C}.Debug|x86.ActiveCfg = Debug|Any CPU
		{C8E90AB4-D665-40D8-8287-FACAD0F90E0C}.Debug|x86.Build.0 = Debug|Any CPU
		{C8E90AB4-D665-40D8-8287-FACAD0F90E0C}.Release|Any CPU.ActiveCfg = Release|Any CPU
		{C8E90AB4-D665-40D8-8287-FACAD0F90E0C}.Release|Any CPU.Build.0 = Release|Any CPU
		{C8E90AB4-D665-40D8-8287-FACAD0F90E0C}.Release|x64.ActiveCfg = Release|Any CPU
		{C8E90AB4-D665-40D8-8287-FACAD0F90E0C}.Release|x64.Build.0 = Release|Any CPU
		{C8E90AB4-D665-40D8-8287-FACAD0F90E0C}.Release|x86.ActiveCfg = Release|Any CPU
		{C8E90AB4-D665-40D8-8287-FACAD0F90E0C}.Release|x86.Build.0 = Release|Any CPU
		{772AB00B-ED69-4545-B7D6-542B60DD568A}.Debug|Any CPU.ActiveCfg = Debug|Any CPU
		{772AB00B-ED69-4545-B7D6-542B60DD568A}.Debug|Any CPU.Build.0 = Debug|Any CPU
		{772AB00B-ED69-4545-B7D6-542B60DD568A}.Debug|x64.ActiveCfg = Debug|Any CPU
		{772AB00B-ED69-4545-B7D6-542B60DD568A}.Debug|x64.Build.0 = Debug|Any CPU
		{772AB00B-ED69-4545-B7D6-542B60DD568A}.Debug|x86.ActiveCfg = Debug|Any CPU
		{772AB00B-ED69-4545-B7D6-542B60DD568A}.Debug|x86.Build.0 = Debug|Any CPU
		{772AB00B-ED69-4545-B7D6-542B60DD568A}.Release|Any CPU.ActiveCfg = Release|Any CPU
		{772AB00B-ED69-4545-B7D6-542B60DD568A}.Release|Any CPU.Build.0 = Release|Any CPU
		{772AB00B-ED69-4545-B7D6-542B60DD568A}.Release|x64.ActiveCfg = Release|Any CPU
		{772AB00B-ED69-4545-B7D6-542B60DD568A}.Release|x64.Build.0 = Release|Any CPU
		{772AB00B-ED69-4545-B7D6-542B60DD568A}.Release|x86.ActiveCfg = Release|Any CPU
		{772AB00B-ED69-4545-B7D6-542B60DD568A}.Release|x86.Build.0 = Release|Any CPU
		{FA810DEE-B70A-4820-8AD3-5EC98AE26DC0}.Debug|Any CPU.ActiveCfg = Debug|Any CPU
		{FA810DEE-B70A-4820-8AD3-5EC98AE26DC0}.Debug|Any CPU.Build.0 = Debug|Any CPU
		{FA810DEE-B70A-4820-8AD3-5EC98AE26DC0}.Debug|x64.ActiveCfg = Debug|Any CPU
		{FA810DEE-B70A-4820-8AD3-5EC98AE26DC0}.Debug|x64.Build.0 = Debug|Any CPU
		{FA810DEE-B70A-4820-8AD3-5EC98AE26DC0}.Debug|x86.ActiveCfg = Debug|Any CPU
		{FA810DEE-B70A-4820-8AD3-5EC98AE26DC0}.Debug|x86.Build.0 = Debug|Any CPU
		{FA810DEE-B70A-4820-8AD3-5EC98AE26DC0}.Release|Any CPU.ActiveCfg = Release|Any CPU
		{FA810DEE-B70A-4820-8AD3-5EC98AE26DC0}.Release|Any CPU.Build.0 = Release|Any CPU
		{FA810DEE-B70A-4820-8AD3-5EC98AE26DC0}.Release|x64.ActiveCfg = Release|Any CPU
		{FA810DEE-B70A-4820-8AD3-5EC98AE26DC0}.Release|x64.Build.0 = Release|Any CPU
		{FA810DEE-B70A-4820-8AD3-5EC98AE26DC0}.Release|x86.ActiveCfg = Release|Any CPU
		{FA810DEE-B70A-4820-8AD3-5EC98AE26DC0}.Release|x86.Build.0 = Release|Any CPU
		{52AFE929-2078-4465-9D41-8DB8AB5BDC16}.Debug|Any CPU.ActiveCfg = Debug|Any CPU
		{52AFE929-2078-4465-9D41-8DB8AB5BDC16}.Debug|Any CPU.Build.0 = Debug|Any CPU
		{52AFE929-2078-4465-9D41-8DB8AB5BDC16}.Debug|x64.ActiveCfg = Debug|Any CPU
		{52AFE929-2078-4465-9D41-8DB8AB5BDC16}.Debug|x64.Build.0 = Debug|Any CPU
		{52AFE929-2078-4465-9D41-8DB8AB5BDC16}.Debug|x86.ActiveCfg = Debug|Any CPU
		{52AFE929-2078-4465-9D41-8DB8AB5BDC16}.Debug|x86.Build.0 = Debug|Any CPU
		{52AFE929-2078-4465-9D41-8DB8AB5BDC16}.Release|Any CPU.ActiveCfg = Release|Any CPU
		{52AFE929-2078-4465-9D41-8DB8AB5BDC16}.Release|Any CPU.Build.0 = Release|Any CPU
		{52AFE929-2078-4465-9D41-8DB8AB5BDC16}.Release|x64.ActiveCfg = Release|Any CPU
		{52AFE929-2078-4465-9D41-8DB8AB5BDC16}.Release|x64.Build.0 = Release|Any CPU
		{52AFE929-2078-4465-9D41-8DB8AB5BDC16}.Release|x86.ActiveCfg = Release|Any CPU
		{52AFE929-2078-4465-9D41-8DB8AB5BDC16}.Release|x86.Build.0 = Release|Any CPU
		{FAB27B08-96D1-4A2E-9356-A97F3CC775AD}.Debug|Any CPU.ActiveCfg = Debug|Any CPU
		{FAB27B08-96D1-4A2E-9356-A97F3CC775AD}.Debug|Any CPU.Build.0 = Debug|Any CPU
		{FAB27B08-96D1-4A2E-9356-A97F3CC775AD}.Debug|x64.ActiveCfg = Debug|Any CPU
		{FAB27B08-96D1-4A2E-9356-A97F3CC775AD}.Debug|x64.Build.0 = Debug|Any CPU
		{FAB27B08-96D1-4A2E-9356-A97F3CC775AD}.Debug|x86.ActiveCfg = Debug|Any CPU
		{FAB27B08-96D1-4A2E-9356-A97F3CC775AD}.Debug|x86.Build.0 = Debug|Any CPU
		{FAB27B08-96D1-4A2E-9356-A97F3CC775AD}.Release|Any CPU.ActiveCfg = Release|Any CPU
		{FAB27B08-96D1-4A2E-9356-A97F3CC775AD}.Release|Any CPU.Build.0 = Release|Any CPU
		{FAB27B08-96D1-4A2E-9356-A97F3CC775AD}.Release|x64.ActiveCfg = Release|Any CPU
		{FAB27B08-96D1-4A2E-9356-A97F3CC775AD}.Release|x64.Build.0 = Release|Any CPU
		{FAB27B08-96D1-4A2E-9356-A97F3CC775AD}.Release|x86.ActiveCfg = Release|Any CPU
		{FAB27B08-96D1-4A2E-9356-A97F3CC775AD}.Release|x86.Build.0 = Release|Any CPU
	EndGlobalSection
	GlobalSection(SolutionProperties) = preSolution
		HideSolutionNode = FALSE
	EndGlobalSection
	GlobalSection(NestedProjects) = preSolution
		{9A46FC5F-504E-4FA1-8783-396595364B4F} = {827E0CD3-B72D-47B6-A68D-7590B98EB39B}
		{C8E90AB4-D665-40D8-8287-FACAD0F90E0C} = {827E0CD3-B72D-47B6-A68D-7590B98EB39B}
		{772AB00B-ED69-4545-B7D6-542B60DD568A} = {827E0CD3-B72D-47B6-A68D-7590B98EB39B}
		{FA810DEE-B70A-4820-8AD3-5EC98AE26DC0} = {827E0CD3-B72D-47B6-A68D-7590B98EB39B}
		{52AFE929-2078-4465-9D41-8DB8AB5BDC16} = {827E0CD3-B72D-47B6-A68D-7590B98EB39B}
		{FAB27B08-96D1-4A2E-9356-A97F3CC775AD} = {0AB3BF05-4346-4AA6-1389-037BE0695223}
	EndGlobalSection
EndGlobal
